// !$*UTF8*$!
{
	archiveVersion = 1;
	classes = {
	};
	objectVersion = 46;
	objects = {

/* Begin PBXBuildFile section */
		18802F3BB9A14C048A048E99 /* libPods.a in Frameworks */ = {isa = PBXBuildFile; fileRef = 46C79096DAA940E7A5AB074A /* libPods.a */; };
		661DCDA4181549F70004EBBB /* SCKGameServer.m in Sources */ = {isa = PBXBuildFile; fileRef = 661DCDA3181549F70004EBBB /* SCKGameServer.m */; };
		66C4B6381816C5F800CD6C51 /* SCKLoginViewController.m in Sources */ = {isa = PBXBuildFile; fileRef = 66C4B6371816C5F800CD6C51 /* SCKLoginViewController.m */; };
		66C4B63B1817E13900CD6C51 /* SCKTopViewController.m in Sources */ = {isa = PBXBuildFile; fileRef = 66C4B63A1817E13900CD6C51 /* SCKTopViewController.m */; };
		941AFC7818154AA900517557 /* SCKGameState.m in Sources */ = {isa = PBXBuildFile; fileRef = 941AFC7718154AA900517557 /* SCKGameState.m */; };
		941AFC7B18154B0E00517557 /* SCKActor.m in Sources */ = {isa = PBXBuildFile; fileRef = 941AFC7A18154B0E00517557 /* SCKActor.m */; };
		941AFC7E18154B9D00517557 /* SCKBullet.m in Sources */ = {isa = PBXBuildFile; fileRef = 941AFC7D18154B9D00517557 /* SCKBullet.m */; };
		941AFC8118154BC800517557 /* SCKShip.m in Sources */ = {isa = PBXBuildFile; fileRef = 941AFC8018154BC800517557 /* SCKShip.m */; };
		942C7C171816AAA800D0D375 /* SCKGameScene.m in Sources */ = {isa = PBXBuildFile; fileRef = 942C7C161816AAA800D0D375 /* SCKGameScene.m */; };
		942C7C1A1816B6DA00D0D375 /* SCKShipNode.m in Sources */ = {isa = PBXBuildFile; fileRef = 942C7C191816B6DA00D0D375 /* SCKShipNode.m */; };
		942C7C1D1816C37500D0D375 /* SCKBulletNode.m in Sources */ = {isa = PBXBuildFile; fileRef = 942C7C1C1816C37500D0D375 /* SCKBulletNode.m */; };
		94C786E018193A6D00C15FE1 /* SCKHealthBar.m in Sources */ = {isa = PBXBuildFile; fileRef = 94C786DF18193A6D00C15FE1 /* SCKHealthBar.m */; };
		94C786E218195EA100C15FE1 /* visitor2.ttf in Resources */ = {isa = PBXBuildFile; fileRef = 94C786E118195EA100C15FE1 /* visitor2.ttf */; };
		94DBE0BE1815479800E7F595 /* Foundation.framework in Frameworks */ = {isa = PBXBuildFile; fileRef = 94DBE0BD1815479800E7F595 /* Foundation.framework */; };
		94DBE0C01815479800E7F595 /* CoreGraphics.framework in Frameworks */ = {isa = PBXBuildFile; fileRef = 94DBE0BF1815479800E7F595 /* CoreGraphics.framework */; };
		94DBE0C21815479800E7F595 /* UIKit.framework in Frameworks */ = {isa = PBXBuildFile; fileRef = 94DBE0C11815479800E7F595 /* UIKit.framework */; };
		94DBE0C41815479800E7F595 /* SpriteKit.framework in Frameworks */ = {isa = PBXBuildFile; fileRef = 94DBE0C31815479800E7F595 /* SpriteKit.framework */; };
		94DBE0CA1815479800E7F595 /* InfoPlist.strings in Resources */ = {isa = PBXBuildFile; fileRef = 94DBE0C81815479800E7F595 /* InfoPlist.strings */; };
		94DBE0D31815479800E7F595 /* Main.storyboard in Resources */ = {isa = PBXBuildFile; fileRef = 94DBE0D11815479800E7F595 /* Main.storyboard */; };
		94DBE0DD1815479800E7F595 /* Images.xcassets in Resources */ = {isa = PBXBuildFile; fileRef = 94DBE0DC1815479800E7F595 /* Images.xcassets */; };
		94DBE0E41815479800E7F595 /* XCTest.framework in Frameworks */ = {isa = PBXBuildFile; fileRef = 94DBE0E31815479800E7F595 /* XCTest.framework */; };
		94DBE0E51815479800E7F595 /* Foundation.framework in Frameworks */ = {isa = PBXBuildFile; fileRef = 94DBE0BD1815479800E7F595 /* Foundation.framework */; };
		94DBE0E61815479800E7F595 /* UIKit.framework in Frameworks */ = {isa = PBXBuildFile; fileRef = 94DBE0C11815479800E7F595 /* UIKit.framework */; };
		94DBE0EE1815479800E7F595 /* InfoPlist.strings in Resources */ = {isa = PBXBuildFile; fileRef = 94DBE0EC1815479800E7F595 /* InfoPlist.strings */; };
		94DBE0F01815479800E7F595 /* SeaSickTests.m in Sources */ = {isa = PBXBuildFile; fileRef = 94DBE0EF1815479800E7F595 /* SeaSickTests.m */; };
		94F3797C181552FD00CE61F2 /* main.m in Sources */ = {isa = PBXBuildFile; fileRef = 94DBE0CB1815479800E7F595 /* main.m */; };
		94F3797D1815530400CE61F2 /* SCKViewController.m in Sources */ = {isa = PBXBuildFile; fileRef = 94DBE0D51815479800E7F595 /* SCKViewController.m */; };
		94F3797E1815532B00CE61F2 /* SCKAppDelegate.m in Sources */ = {isa = PBXBuildFile; fileRef = 94DBE0CF1815479800E7F595 /* SCKAppDelegate.m */; };
		94F379801815623000CE61F2 /* CoreMotion.framework in Frameworks */ = {isa = PBXBuildFile; fileRef = 94F3797F1815623000CE61F2 /* CoreMotion.framework */; };
		B52FE37B181940C500EA90D9 /* Run 4 Your Lives.mp3 in Resources */ = {isa = PBXBuildFile; fileRef = B52FE37A181940C500EA90D9 /* Run 4 Your Lives.mp3 */; };
/* End PBXBuildFile section */

/* Begin PBXContainerItemProxy section */
		94DBE0E71815479800E7F595 /* PBXContainerItemProxy */ = {
			isa = PBXContainerItemProxy;
			containerPortal = 94DBE0B21815479800E7F595 /* Project object */;
			proxyType = 1;
			remoteGlobalIDString = 94DBE0B91815479800E7F595;
			remoteInfo = SeaSick;
		};
/* End PBXContainerItemProxy section */

/* Begin PBXFileReference section */
		46C79096DAA940E7A5AB074A /* libPods.a */ = {isa = PBXFileReference; explicitFileType = archive.ar; includeInIndex = 0; path = libPods.a; sourceTree = BUILT_PRODUCTS_DIR; };
		661DCDA2181549F70004EBBB /* SCKGameServer.h */ = {isa = PBXFileReference; fileEncoding = 4; lastKnownFileType = sourcecode.c.h; name = SCKGameServer.h; path = Services/SCKGameServer.h; sourceTree = "<group>"; };
		661DCDA3181549F70004EBBB /* SCKGameServer.m */ = {isa = PBXFileReference; fileEncoding = 4; lastKnownFileType = sourcecode.c.objc; name = SCKGameServer.m; path = Services/SCKGameServer.m; sourceTree = "<group>"; };
		66C4B6361816C5F800CD6C51 /* SCKLoginViewController.h */ = {isa = PBXFileReference; fileEncoding = 4; lastKnownFileType = sourcecode.c.h; path = SCKLoginViewController.h; sourceTree = "<group>"; };
		66C4B6371816C5F800CD6C51 /* SCKLoginViewController.m */ = {isa = PBXFileReference; fileEncoding = 4; lastKnownFileType = sourcecode.c.objc; path = SCKLoginViewController.m; sourceTree = "<group>"; };
		66C4B6391817E13900CD6C51 /* SCKTopViewController.h */ = {isa = PBXFileReference; fileEncoding = 4; lastKnownFileType = sourcecode.c.h; path = SCKTopViewController.h; sourceTree = "<group>"; };
		66C4B63A1817E13900CD6C51 /* SCKTopViewController.m */ = {isa = PBXFileReference; fileEncoding = 4; lastKnownFileType = sourcecode.c.objc; path = SCKTopViewController.m; sourceTree = "<group>"; };
		941AFC7618154AA900517557 /* SCKGameState.h */ = {isa = PBXFileReference; fileEncoding = 4; lastKnownFileType = sourcecode.c.h; name = SCKGameState.h; path = Models/SCKGameState.h; sourceTree = "<group>"; };
		941AFC7718154AA900517557 /* SCKGameState.m */ = {isa = PBXFileReference; fileEncoding = 4; lastKnownFileType = sourcecode.c.objc; name = SCKGameState.m; path = Models/SCKGameState.m; sourceTree = "<group>"; };
		941AFC7918154B0E00517557 /* SCKActor.h */ = {isa = PBXFileReference; fileEncoding = 4; lastKnownFileType = sourcecode.c.h; name = SCKActor.h; path = Models/SCKActor.h; sourceTree = "<group>"; };
		941AFC7A18154B0E00517557 /* SCKActor.m */ = {isa = PBXFileReference; fileEncoding = 4; lastKnownFileType = sourcecode.c.objc; name = SCKActor.m; path = Models/SCKActor.m; sourceTree = "<group>"; };
		941AFC7C18154B9D00517557 /* SCKBullet.h */ = {isa = PBXFileReference; fileEncoding = 4; lastKnownFileType = sourcecode.c.h; name = SCKBullet.h; path = Models/SCKBullet.h; sourceTree = "<group>"; };
		941AFC7D18154B9D00517557 /* SCKBullet.m */ = {isa = PBXFileReference; fileEncoding = 4; lastKnownFileType = sourcecode.c.objc; name = SCKBullet.m; path = Models/SCKBullet.m; sourceTree = "<group>"; };
		941AFC7F18154BC800517557 /* SCKShip.h */ = {isa = PBXFileReference; fileEncoding = 4; lastKnownFileType = sourcecode.c.h; name = SCKShip.h; path = Models/SCKShip.h; sourceTree = "<group>"; };
		941AFC8018154BC800517557 /* SCKShip.m */ = {isa = PBXFileReference; fileEncoding = 4; lastKnownFileType = sourcecode.c.objc; name = SCKShip.m; path = Models/SCKShip.m; sourceTree = "<group>"; };
		942C7C151816AAA800D0D375 /* SCKGameScene.h */ = {isa = PBXFileReference; fileEncoding = 4; lastKnownFileType = sourcecode.c.h; path = SCKGameScene.h; sourceTree = "<group>"; };
		942C7C161816AAA800D0D375 /* SCKGameScene.m */ = {isa = PBXFileReference; fileEncoding = 4; lastKnownFileType = sourcecode.c.objc; path = SCKGameScene.m; sourceTree = "<group>"; };
		942C7C181816B6DA00D0D375 /* SCKShipNode.h */ = {isa = PBXFileReference; fileEncoding = 4; lastKnownFileType = sourcecode.c.h; path = SCKShipNode.h; sourceTree = "<group>"; };
		942C7C191816B6DA00D0D375 /* SCKShipNode.m */ = {isa = PBXFileReference; fileEncoding = 4; lastKnownFileType = sourcecode.c.objc; path = SCKShipNode.m; sourceTree = "<group>"; };
		942C7C1B1816C37500D0D375 /* SCKBulletNode.h */ = {isa = PBXFileReference; fileEncoding = 4; lastKnownFileType = sourcecode.c.h; path = SCKBulletNode.h; sourceTree = "<group>"; };
		942C7C1C1816C37500D0D375 /* SCKBulletNode.m */ = {isa = PBXFileReference; fileEncoding = 4; lastKnownFileType = sourcecode.c.objc; path = SCKBulletNode.m; sourceTree = "<group>"; };
		94C786DE18193A6D00C15FE1 /* SCKHealthBar.h */ = {isa = PBXFileReference; fileEncoding = 4; lastKnownFileType = sourcecode.c.h; path = SCKHealthBar.h; sourceTree = "<group>"; };
		94C786DF18193A6D00C15FE1 /* SCKHealthBar.m */ = {isa = PBXFileReference; fileEncoding = 4; lastKnownFileType = sourcecode.c.objc; path = SCKHealthBar.m; sourceTree = "<group>"; };
		94C786E118195EA100C15FE1 /* visitor2.ttf */ = {isa = PBXFileReference; lastKnownFileType = file; path = visitor2.ttf; sourceTree = "<group>"; };
		94DBE0BA1815479800E7F595 /* SeaSick.app */ = {isa = PBXFileReference; explicitFileType = wrapper.application; includeInIndex = 0; path = SeaSick.app; sourceTree = BUILT_PRODUCTS_DIR; };
		94DBE0BD1815479800E7F595 /* Foundation.framework */ = {isa = PBXFileReference; lastKnownFileType = wrapper.framework; name = Foundation.framework; path = System/Library/Frameworks/Foundation.framework; sourceTree = SDKROOT; };
		94DBE0BF1815479800E7F595 /* CoreGraphics.framework */ = {isa = PBXFileReference; lastKnownFileType = wrapper.framework; name = CoreGraphics.framework; path = System/Library/Frameworks/CoreGraphics.framework; sourceTree = SDKROOT; };
		94DBE0C11815479800E7F595 /* UIKit.framework */ = {isa = PBXFileReference; lastKnownFileType = wrapper.framework; name = UIKit.framework; path = System/Library/Frameworks/UIKit.framework; sourceTree = SDKROOT; };
		94DBE0C31815479800E7F595 /* SpriteKit.framework */ = {isa = PBXFileReference; lastKnownFileType = wrapper.framework; name = SpriteKit.framework; path = System/Library/Frameworks/SpriteKit.framework; sourceTree = SDKROOT; };
		94DBE0C71815479800E7F595 /* SeaSick-Info.plist */ = {isa = PBXFileReference; lastKnownFileType = text.plist.xml; path = "SeaSick-Info.plist"; sourceTree = "<group>"; };
		94DBE0C91815479800E7F595 /* en */ = {isa = PBXFileReference; lastKnownFileType = text.plist.strings; name = en; path = en.lproj/InfoPlist.strings; sourceTree = "<group>"; };
		94DBE0CB1815479800E7F595 /* main.m */ = {isa = PBXFileReference; lastKnownFileType = sourcecode.c.objc; path = main.m; sourceTree = "<group>"; };
		94DBE0CD1815479800E7F595 /* SeaSick-Prefix.pch */ = {isa = PBXFileReference; lastKnownFileType = sourcecode.c.h; path = "SeaSick-Prefix.pch"; sourceTree = "<group>"; };
		94DBE0CE1815479800E7F595 /* SCKAppDelegate.h */ = {isa = PBXFileReference; lastKnownFileType = sourcecode.c.h; path = SCKAppDelegate.h; sourceTree = "<group>"; };
		94DBE0CF1815479800E7F595 /* SCKAppDelegate.m */ = {isa = PBXFileReference; lastKnownFileType = sourcecode.c.objc; path = SCKAppDelegate.m; sourceTree = "<group>"; };
		94DBE0D21815479800E7F595 /* Base */ = {isa = PBXFileReference; lastKnownFileType = file.storyboard; name = Base; path = Base.lproj/Main.storyboard; sourceTree = "<group>"; };
		94DBE0D41815479800E7F595 /* SCKViewController.h */ = {isa = PBXFileReference; lastKnownFileType = sourcecode.c.h; path = SCKViewController.h; sourceTree = "<group>"; };
		94DBE0D51815479800E7F595 /* SCKViewController.m */ = {isa = PBXFileReference; lastKnownFileType = sourcecode.c.objc; path = SCKViewController.m; sourceTree = "<group>"; usesTabs = 0; };
		94DBE0DC1815479800E7F595 /* Images.xcassets */ = {isa = PBXFileReference; lastKnownFileType = folder.assetcatalog; path = Images.xcassets; sourceTree = "<group>"; };
		94DBE0E21815479800E7F595 /* SeaSickTests.xctest */ = {isa = PBXFileReference; explicitFileType = wrapper.cfbundle; includeInIndex = 0; path = SeaSickTests.xctest; sourceTree = BUILT_PRODUCTS_DIR; };
		94DBE0E31815479800E7F595 /* XCTest.framework */ = {isa = PBXFileReference; lastKnownFileType = wrapper.framework; name = XCTest.framework; path = Library/Frameworks/XCTest.framework; sourceTree = DEVELOPER_DIR; };
		94DBE0EB1815479800E7F595 /* SeaSickTests-Info.plist */ = {isa = PBXFileReference; lastKnownFileType = text.plist.xml; path = "SeaSickTests-Info.plist"; sourceTree = "<group>"; };
		94DBE0ED1815479800E7F595 /* en */ = {isa = PBXFileReference; lastKnownFileType = text.plist.strings; name = en; path = en.lproj/InfoPlist.strings; sourceTree = "<group>"; };
		94DBE0EF1815479800E7F595 /* SeaSickTests.m */ = {isa = PBXFileReference; lastKnownFileType = sourcecode.c.objc; path = SeaSickTests.m; sourceTree = "<group>"; };
		94F3797F1815623000CE61F2 /* CoreMotion.framework */ = {isa = PBXFileReference; lastKnownFileType = wrapper.framework; name = CoreMotion.framework; path = System/Library/Frameworks/CoreMotion.framework; sourceTree = SDKROOT; };
		B52FE37A181940C500EA90D9 /* Run 4 Your Lives.mp3 */ = {isa = PBXFileReference; lastKnownFileType = audio.mp3; path = "Run 4 Your Lives.mp3"; sourceTree = "<group>"; };
		C71AE5989D7F498092069E6E /* Pods.xcconfig */ = {isa = PBXFileReference; includeInIndex = 1; lastKnownFileType = text.xcconfig; name = Pods.xcconfig; path = Pods/Pods.xcconfig; sourceTree = "<group>"; };
/* End PBXFileReference section */

/* Begin PBXFrameworksBuildPhase section */
		94DBE0B71815479800E7F595 /* Frameworks */ = {
			isa = PBXFrameworksBuildPhase;
			buildActionMask = 2147483647;
			files = (
				94F379801815623000CE61F2 /* CoreMotion.framework in Frameworks */,
				94DBE0C01815479800E7F595 /* CoreGraphics.framework in Frameworks */,
				94DBE0C21815479800E7F595 /* UIKit.framework in Frameworks */,
				94DBE0C41815479800E7F595 /* SpriteKit.framework in Frameworks */,
				94DBE0BE1815479800E7F595 /* Foundation.framework in Frameworks */,
				18802F3BB9A14C048A048E99 /* libPods.a in Frameworks */,
			);
			runOnlyForDeploymentPostprocessing = 0;
		};
		94DBE0DF1815479800E7F595 /* Frameworks */ = {
			isa = PBXFrameworksBuildPhase;
			buildActionMask = 2147483647;
			files = (
				94DBE0E41815479800E7F595 /* XCTest.framework in Frameworks */,
				94DBE0E61815479800E7F595 /* UIKit.framework in Frameworks */,
				94DBE0E51815479800E7F595 /* Foundation.framework in Frameworks */,
			);
			runOnlyForDeploymentPostprocessing = 0;
		};
/* End PBXFrameworksBuildPhase section */

/* Begin PBXGroup section */
		661DCDA1181549A90004EBBB /* Services */ = {
			isa = PBXGroup;
			children = (
				661DCDA2181549F70004EBBB /* SCKGameServer.h */,
				661DCDA3181549F70004EBBB /* SCKGameServer.m */,
			);
			name = Services;
			sourceTree = "<group>";
		};
		941AFC7518154A8000517557 /* Models */ = {
			isa = PBXGroup;
			children = (
				941AFC7618154AA900517557 /* SCKGameState.h */,
				941AFC7718154AA900517557 /* SCKGameState.m */,
				941AFC7918154B0E00517557 /* SCKActor.h */,
				941AFC7A18154B0E00517557 /* SCKActor.m */,
				941AFC7C18154B9D00517557 /* SCKBullet.h */,
				941AFC7D18154B9D00517557 /* SCKBullet.m */,
				941AFC7F18154BC800517557 /* SCKShip.h */,
				941AFC8018154BC800517557 /* SCKShip.m */,
			);
			name = Models;
			sourceTree = "<group>";
		};
		94DBE0B11815479800E7F595 = {
			isa = PBXGroup;
			children = (
				94DBE0C51815479800E7F595 /* SeaSick */,
				94DBE0E91815479800E7F595 /* SeaSickTests */,
				94DBE0BC1815479800E7F595 /* Frameworks */,
				94DBE0BB1815479800E7F595 /* Products */,
				C71AE5989D7F498092069E6E /* Pods.xcconfig */,
			);
			sourceTree = "<group>";
		};
		94DBE0BB1815479800E7F595 /* Products */ = {
			isa = PBXGroup;
			children = (
				94DBE0BA1815479800E7F595 /* SeaSick.app */,
				94DBE0E21815479800E7F595 /* SeaSickTests.xctest */,
			);
			name = Products;
			sourceTree = "<group>";
		};
		94DBE0BC1815479800E7F595 /* Frameworks */ = {
			isa = PBXGroup;
			children = (
				94F3797F1815623000CE61F2 /* CoreMotion.framework */,
				94DBE0BD1815479800E7F595 /* Foundation.framework */,
				94DBE0BF1815479800E7F595 /* CoreGraphics.framework */,
				94DBE0C11815479800E7F595 /* UIKit.framework */,
				94DBE0C31815479800E7F595 /* SpriteKit.framework */,
				94DBE0E31815479800E7F595 /* XCTest.framework */,
				46C79096DAA940E7A5AB074A /* libPods.a */,
			);
			name = Frameworks;
			sourceTree = "<group>";
		};
		94DBE0C51815479800E7F595 /* SeaSick */ = {
			isa = PBXGroup;
			children = (
				B52FE37A181940C500EA90D9 /* Run 4 Your Lives.mp3 */,
				941AFC7518154A8000517557 /* Models */,
				661DCDA1181549A90004EBBB /* Services */,
				94DBE0CE1815479800E7F595 /* SCKAppDelegate.h */,
				94DBE0CF1815479800E7F595 /* SCKAppDelegate.m */,
				94DBE0D11815479800E7F595 /* Main.storyboard */,
				94DBE0D41815479800E7F595 /* SCKViewController.h */,
				94DBE0D51815479800E7F595 /* SCKViewController.m */,
				94DBE0DC1815479800E7F595 /* Images.xcassets */,
				94C786E118195EA100C15FE1 /* visitor2.ttf */,
				94DBE0C61815479800E7F595 /* Supporting Files */,
				66C4B6361816C5F800CD6C51 /* SCKLoginViewController.h */,
				66C4B6371816C5F800CD6C51 /* SCKLoginViewController.m */,
				942C7C151816AAA800D0D375 /* SCKGameScene.h */,
				942C7C161816AAA800D0D375 /* SCKGameScene.m */,
				942C7C181816B6DA00D0D375 /* SCKShipNode.h */,
				942C7C191816B6DA00D0D375 /* SCKShipNode.m */,
				942C7C1B1816C37500D0D375 /* SCKBulletNode.h */,
				942C7C1C1816C37500D0D375 /* SCKBulletNode.m */,
				66C4B6391817E13900CD6C51 /* SCKTopViewController.h */,
				66C4B63A1817E13900CD6C51 /* SCKTopViewController.m */,
				94C786DE18193A6D00C15FE1 /* SCKHealthBar.h */,
				94C786DF18193A6D00C15FE1 /* SCKHealthBar.m */,
			);
			path = SeaSick;
			sourceTree = "<group>";
		};
		94DBE0C61815479800E7F595 /* Supporting Files */ = {
			isa = PBXGroup;
			children = (
				94DBE0C71815479800E7F595 /* SeaSick-Info.plist */,
				94DBE0C81815479800E7F595 /* InfoPlist.strings */,
				94DBE0CB1815479800E7F595 /* main.m */,
				94DBE0CD1815479800E7F595 /* SeaSick-Prefix.pch */,
			);
			name = "Supporting Files";
			sourceTree = "<group>";
		};
		94DBE0E91815479800E7F595 /* SeaSickTests */ = {
			isa = PBXGroup;
			children = (
				94DBE0EF1815479800E7F595 /* SeaSickTests.m */,
				94DBE0EA1815479800E7F595 /* Supporting Files */,
			);
			path = SeaSickTests;
			sourceTree = "<group>";
		};
		94DBE0EA1815479800E7F595 /* Supporting Files */ = {
			isa = PBXGroup;
			children = (
				94DBE0EB1815479800E7F595 /* SeaSickTests-Info.plist */,
				94DBE0EC1815479800E7F595 /* InfoPlist.strings */,
			);
			name = "Supporting Files";
			sourceTree = "<group>";
		};
/* End PBXGroup section */

/* Begin PBXNativeTarget section */
		94DBE0B91815479800E7F595 /* SeaSick */ = {
			isa = PBXNativeTarget;
			buildConfigurationList = 94DBE0F31815479800E7F595 /* Build configuration list for PBXNativeTarget "SeaSick" */;
			buildPhases = (
				07C9EF25F486480D817042CA /* Check Pods Manifest.lock */,
				94DBE0B61815479800E7F595 /* Sources */,
				94DBE0B71815479800E7F595 /* Frameworks */,
				94DBE0B81815479800E7F595 /* Resources */,
				6BB35DB688CC4EA5A4344B4D /* Copy Pods Resources */,
			);
			buildRules = (
			);
			dependencies = (
			);
			name = SeaSick;
			productName = SeaSick;
			productReference = 94DBE0BA1815479800E7F595 /* SeaSick.app */;
			productType = "com.apple.product-type.application";
		};
		94DBE0E11815479800E7F595 /* SeaSickTests */ = {
			isa = PBXNativeTarget;
			buildConfigurationList = 94DBE0F61815479800E7F595 /* Build configuration list for PBXNativeTarget "SeaSickTests" */;
			buildPhases = (
				94DBE0DE1815479800E7F595 /* Sources */,
				94DBE0DF1815479800E7F595 /* Frameworks */,
				94DBE0E01815479800E7F595 /* Resources */,
			);
			buildRules = (
			);
			dependencies = (
				94DBE0E81815479800E7F595 /* PBXTargetDependency */,
			);
			name = SeaSickTests;
			productName = SeaSickTests;
			productReference = 94DBE0E21815479800E7F595 /* SeaSickTests.xctest */;
			productType = "com.apple.product-type.bundle.unit-test";
		};
/* End PBXNativeTarget section */

/* Begin PBXProject section */
		94DBE0B21815479800E7F595 /* Project object */ = {
			isa = PBXProject;
			attributes = {
				CLASSPREFIX = SCK;
				LastUpgradeCheck = 0500;
				TargetAttributes = {
					94DBE0E11815479800E7F595 = {
						TestTargetID = 94DBE0B91815479800E7F595;
					};
				};
			};
			buildConfigurationList = 94DBE0B51815479800E7F595 /* Build configuration list for PBXProject "SeaSick" */;
			compatibilityVersion = "Xcode 3.2";
			developmentRegion = English;
			hasScannedForEncodings = 0;
			knownRegions = (
				en,
				Base,
			);
			mainGroup = 94DBE0B11815479800E7F595;
			productRefGroup = 94DBE0BB1815479800E7F595 /* Products */;
			projectDirPath = "";
			projectRoot = "";
			targets = (
				94DBE0B91815479800E7F595 /* SeaSick */,
				94DBE0E11815479800E7F595 /* SeaSickTests */,
			);
		};
/* End PBXProject section */

/* Begin PBXResourcesBuildPhase section */
		94DBE0B81815479800E7F595 /* Resources */ = {
			isa = PBXResourcesBuildPhase;
			buildActionMask = 2147483647;
			files = (
				94DBE0CA1815479800E7F595 /* InfoPlist.strings in Resources */,
				B52FE37B181940C500EA90D9 /* Run 4 Your Lives.mp3 in Resources */,
				94DBE0DD1815479800E7F595 /* Images.xcassets in Resources */,
				94C786E218195EA100C15FE1 /* visitor2.ttf in Resources */,
				94DBE0D31815479800E7F595 /* Main.storyboard in Resources */,
			);
			runOnlyForDeploymentPostprocessing = 0;
		};
		94DBE0E01815479800E7F595 /* Resources */ = {
			isa = PBXResourcesBuildPhase;
			buildActionMask = 2147483647;
			files = (
				94DBE0EE1815479800E7F595 /* InfoPlist.strings in Resources */,
			);
			runOnlyForDeploymentPostprocessing = 0;
		};
/* End PBXResourcesBuildPhase section */

/* Begin PBXShellScriptBuildPhase section */
		07C9EF25F486480D817042CA /* Check Pods Manifest.lock */ = {
			isa = PBXShellScriptBuildPhase;
			buildActionMask = 2147483647;
			files = (
			);
			inputPaths = (
			);
			name = "Check Pods Manifest.lock";
			outputPaths = (
			);
			runOnlyForDeploymentPostprocessing = 0;
			shellPath = /bin/sh;
			shellScript = "diff \"${PODS_ROOT}/../Podfile.lock\" \"${PODS_ROOT}/Manifest.lock\" > /dev/null\nif [[ $? != 0 ]] ; then\n    cat << EOM\nerror: The sandbox is not in sync with the Podfile.lock. Run 'pod install' or update your CocoaPods installation.\nEOM\n    exit 1\nfi\n";
			showEnvVarsInLog = 0;
		};
		6BB35DB688CC4EA5A4344B4D /* Copy Pods Resources */ = {
			isa = PBXShellScriptBuildPhase;
			buildActionMask = 2147483647;
			files = (
			);
			inputPaths = (
			);
			name = "Copy Pods Resources";
			outputPaths = (
			);
			runOnlyForDeploymentPostprocessing = 0;
			shellPath = /bin/sh;
			shellScript = "\"${SRCROOT}/Pods/Pods-resources.sh\"\n";
			showEnvVarsInLog = 0;
		};
/* End PBXShellScriptBuildPhase section */

/* Begin PBXSourcesBuildPhase section */
		94DBE0B61815479800E7F595 /* Sources */ = {
			isa = PBXSourcesBuildPhase;
			buildActionMask = 2147483647;
			files = (
				94F3797E1815532B00CE61F2 /* SCKAppDelegate.m in Sources */,
				94C786E018193A6D00C15FE1 /* SCKHealthBar.m in Sources */,
				94F3797D1815530400CE61F2 /* SCKViewController.m in Sources */,
				66C4B6381816C5F800CD6C51 /* SCKLoginViewController.m in Sources */,
				942C7C1A1816B6DA00D0D375 /* SCKShipNode.m in Sources */,
				94F3797C181552FD00CE61F2 /* main.m in Sources */,
				66C4B63B1817E13900CD6C51 /* SCKTopViewController.m in Sources */,
				941AFC8118154BC800517557 /* SCKShip.m in Sources */,
				942C7C1D1816C37500D0D375 /* SCKBulletNode.m in Sources */,
				941AFC7B18154B0E00517557 /* SCKActor.m in Sources */,
				941AFC7818154AA900517557 /* SCKGameState.m in Sources */,
				941AFC7E18154B9D00517557 /* SCKBullet.m in Sources */,
				942C7C171816AAA800D0D375 /* SCKGameScene.m in Sources */,
				661DCDA4181549F70004EBBB /* SCKGameServer.m in Sources */,
			);
			runOnlyForDeploymentPostprocessing = 0;
		};
		94DBE0DE1815479800E7F595 /* Sources */ = {
			isa = PBXSourcesBuildPhase;
			buildActionMask = 2147483647;
			files = (
				94DBE0F01815479800E7F595 /* SeaSickTests.m in Sources */,
			);
			runOnlyForDeploymentPostprocessing = 0;
		};
/* End PBXSourcesBuildPhase section */

/* Begin PBXTargetDependency section */
		94DBE0E81815479800E7F595 /* PBXTargetDependency */ = {
			isa = PBXTargetDependency;
			target = 94DBE0B91815479800E7F595 /* SeaSick */;
			targetProxy = 94DBE0E71815479800E7F595 /* PBXContainerItemProxy */;
		};
/* End PBXTargetDependency section */

/* Begin PBXVariantGroup section */
		94DBE0C81815479800E7F595 /* InfoPlist.strings */ = {
			isa = PBXVariantGroup;
			children = (
				94DBE0C91815479800E7F595 /* en */,
			);
			name = InfoPlist.strings;
			sourceTree = "<group>";
		};
		94DBE0D11815479800E7F595 /* Main.storyboard */ = {
			isa = PBXVariantGroup;
			children = (
				94DBE0D21815479800E7F595 /* Base */,
			);
			name = Main.storyboard;
			sourceTree = "<group>";
		};
		94DBE0EC1815479800E7F595 /* InfoPlist.strings */ = {
			isa = PBXVariantGroup;
			children = (
				94DBE0ED1815479800E7F595 /* en */,
			);
			name = InfoPlist.strings;
			sourceTree = "<group>";
		};
/* End PBXVariantGroup section */

/* Begin XCBuildConfiguration section */
		94DBE0F11815479800E7F595 /* Debug */ = {
			isa = XCBuildConfiguration;
			buildSettings = {
				ALWAYS_SEARCH_USER_PATHS = NO;
				ARCHS = "$(ARCHS_STANDARD_INCLUDING_64_BIT)";
				CLANG_CXX_LANGUAGE_STANDARD = "gnu++0x";
				CLANG_CXX_LIBRARY = "libc++";
				CLANG_ENABLE_MODULES = YES;
				CLANG_ENABLE_OBJC_ARC = YES;
				CLANG_WARN_BOOL_CONVERSION = YES;
				CLANG_WARN_CONSTANT_CONVERSION = YES;
				CLANG_WARN_DIRECT_OBJC_ISA_USAGE = YES_ERROR;
				CLANG_WARN_EMPTY_BODY = YES;
				CLANG_WARN_ENUM_CONVERSION = YES;
				CLANG_WARN_INT_CONVERSION = YES;
				CLANG_WARN_OBJC_ROOT_CLASS = YES_ERROR;
				CLANG_WARN__DUPLICATE_METHOD_MATCH = YES;
				"CODE_SIGN_IDENTITY[sdk=iphoneos*]" = "iPhone Developer";
				COPY_PHASE_STRIP = NO;
				GCC_C_LANGUAGE_STANDARD = gnu99;
				GCC_DYNAMIC_NO_PIC = NO;
				GCC_OPTIMIZATION_LEVEL = 0;
				GCC_PREPROCESSOR_DEFINITIONS = (
					"DEBUG=1",
					"$(inherited)",
				);
				GCC_SYMBOLS_PRIVATE_EXTERN = NO;
				GCC_WARN_64_TO_32_BIT_CONVERSION = YES;
				GCC_WARN_ABOUT_RETURN_TYPE = YES_ERROR;
				GCC_WARN_UNDECLARED_SELECTOR = YES;
				GCC_WARN_UNINITIALIZED_AUTOS = YES;
				GCC_WARN_UNUSED_FUNCTION = YES;
				GCC_WARN_UNUSED_VARIABLE = YES;
				IPHONEOS_DEPLOYMENT_TARGET = 7.0;
				ONLY_ACTIVE_ARCH = YES;
				SDKROOT = iphoneos;
			};
			name = Debug;
		};
		94DBE0F21815479800E7F595 /* Release */ = {
			isa = XCBuildConfiguration;
			buildSettings = {
				ALWAYS_SEARCH_USER_PATHS = NO;
				ARCHS = "$(ARCHS_STANDARD_INCLUDING_64_BIT)";
				CLANG_CXX_LANGUAGE_STANDARD = "gnu++0x";
				CLANG_CXX_LIBRARY = "libc++";
				CLANG_ENABLE_MODULES = YES;
				CLANG_ENABLE_OBJC_ARC = YES;
				CLANG_WARN_BOOL_CONVERSION = YES;
				CLANG_WARN_CONSTANT_CONVERSION = YES;
				CLANG_WARN_DIRECT_OBJC_ISA_USAGE = YES_ERROR;
				CLANG_WARN_EMPTY_BODY = YES;
				CLANG_WARN_ENUM_CONVERSION = YES;
				CLANG_WARN_INT_CONVERSION = YES;
				CLANG_WARN_OBJC_ROOT_CLASS = YES_ERROR;
				CLANG_WARN__DUPLICATE_METHOD_MATCH = YES;
				"CODE_SIGN_IDENTITY[sdk=iphoneos*]" = "iPhone Developer";
				COPY_PHASE_STRIP = YES;
				ENABLE_NS_ASSERTIONS = NO;
				GCC_C_LANGUAGE_STANDARD = gnu99;
				GCC_WARN_64_TO_32_BIT_CONVERSION = YES;
				GCC_WARN_ABOUT_RETURN_TYPE = YES_ERROR;
				GCC_WARN_UNDECLARED_SELECTOR = YES;
				GCC_WARN_UNINITIALIZED_AUTOS = YES;
				GCC_WARN_UNUSED_FUNCTION = YES;
				GCC_WARN_UNUSED_VARIABLE = YES;
				IPHONEOS_DEPLOYMENT_TARGET = 7.0;
				SDKROOT = iphoneos;
				VALIDATE_PRODUCT = YES;
			};
			name = Release;
		};
		94DBE0F41815479800E7F595 /* Debug */ = {
			isa = XCBuildConfiguration;
			baseConfigurationReference = C71AE5989D7F498092069E6E /* Pods.xcconfig */;
			buildSettings = {
				ASSETCATALOG_COMPILER_APPICON_NAME = AppIcon;
				ASSETCATALOG_COMPILER_LAUNCHIMAGE_NAME = LaunchImage;
				GCC_PRECOMPILE_PREFIX_HEADER = YES;
				GCC_PREFIX_HEADER = "SeaSick/SeaSick-Prefix.pch";
				INFOPLIST_FILE = "SeaSick/SeaSick-Info.plist";
				PRODUCT_NAME = "$(TARGET_NAME)";
				SPRITEKIT_TEXTURE_ATLAS_OUTPUT = YES;
				WRAPPER_EXTENSION = app;
			};
			name = Debug;
		};
		94DBE0F51815479800E7F595 /* Release */ = {
			isa = XCBuildConfiguration;
			baseConfigurationReference = C71AE5989D7F498092069E6E /* Pods.xcconfig */;
			buildSettings = {
				ASSETCATALOG_COMPILER_APPICON_NAME = AppIcon;
				ASSETCATALOG_COMPILER_LAUNCHIMAGE_NAME = LaunchImage;
				GCC_PRECOMPILE_PREFIX_HEADER = YES;
				GCC_PREFIX_HEADER = "SeaSick/SeaSick-Prefix.pch";
				INFOPLIST_FILE = "SeaSick/SeaSick-Info.plist";
				PRODUCT_NAME = "$(TARGET_NAME)";
				SPRITEKIT_TEXTURE_ATLAS_OUTPUT = YES;
				WRAPPER_EXTENSION = app;
			};
			name = Release;
		};
		94DBE0F71815479800E7F595 /* Debug */ = {
			isa = XCBuildConfiguration;
			buildSettings = {
				ARCHS = "$(ARCHS_STANDARD_INCLUDING_64_BIT)";
				BUNDLE_LOADER = "$(BUILT_PRODUCTS_DIR)/SeaSick.app/SeaSick";
				FRAMEWORK_SEARCH_PATHS = (
					"$(SDKROOT)/Developer/Library/Frameworks",
					"$(inherited)",
					"$(DEVELOPER_FRAMEWORKS_DIR)",
				);
				GCC_PRECOMPILE_PREFIX_HEADER = YES;
				GCC_PREFIX_HEADER = "SeaSick/SeaSick-Prefix.pch";
				GCC_PREPROCESSOR_DEFINITIONS = (
					"DEBUG=1",
					"$(inherited)",
				);
				INFOPLIST_FILE = "SeaSickTests/SeaSickTests-Info.plist";
				PRODUCT_NAME = "$(TARGET_NAME)";
				TEST_HOST = "$(BUNDLE_LOADER)";
				WRAPPER_EXTENSION = xctest;
			};
			name = Debug;
		};
		94DBE0F81815479800E7F595 /* Release */ = {
			isa = XCBuildConfiguration;
			buildSettings = {
				ARCHS = "$(ARCHS_STANDARD_INCLUDING_64_BIT)";
				BUNDLE_LOADER = "$(BUILT_PRODUCTS_DIR)/SeaSick.app/SeaSick";
				FRAMEWORK_SEARCH_PATHS = (
					"$(SDKROOT)/Developer/Library/Frameworks",
					"$(inherited)",
					"$(DEVELOPER_FRAMEWORKS_DIR)",
				);
				GCC_PRECOMPILE_PREFIX_HEADER = YES;
				GCC_PREFIX_HEADER = "SeaSick/SeaSick-Prefix.pch";
				INFOPLIST_FILE = "SeaSickTests/SeaSickTests-Info.plist";
				PRODUCT_NAME = "$(TARGET_NAME)";
				TEST_HOST = "$(BUNDLE_LOADER)";
				WRAPPER_EXTENSION = xctest;
			};
			name = Release;
		};
/* End XCBuildConfiguration section */

/* Begin XCConfigurationList section */
		94DBE0B51815479800E7F595 /* Build configuration list for PBXProject "SeaSick" */ = {
			isa = XCConfigurationList;
			buildConfigurations = (
				94DBE0F11815479800E7F595 /* Debug */,
				94DBE0F21815479800E7F595 /* Release */,
			);
			defaultConfigurationIsVisible = 0;
			defaultConfigurationName = Release;
		};
		94DBE0F31815479800E7F595 /* Build configuration list for PBXNativeTarget "SeaSick" */ = {
			isa = XCConfigurationList;
			buildConfigurations = (
				94DBE0F41815479800E7F595 /* Debug */,
				94DBE0F51815479800E7F595 /* Release */,
			);
			defaultConfigurationIsVisible = 0;
			defaultConfigurationName = Release;
		};
		94DBE0F61815479800E7F595 /* Build configuration list for PBXNativeTarget "SeaSickTests" */ = {
			isa = XCConfigurationList;
			buildConfigurations = (
				94DBE0F71815479800E7F595 /* Debug */,
				94DBE0F81815479800E7F595 /* Release */,
			);
			defaultConfigurationIsVisible = 0;
			defaultConfigurationName = Release;
		};
/* End XCConfigurationList section */
	};
	rootObject = 94DBE0B21815479800E7F595 /* Project object */;
}
